
Microsoft Visual Studio Solution File, Format Version 12.00
# Visual Studio Version 17
VisualStudioVersion = 17.9.34607.119
MinimumVisualStudioVersion = 10.0.40219.1
Project("{9A19103F-16F7-4668-BE54-9A1E7A4F7556}") = "Culinary-Assistant-Main", "Culinary-Assistant-Main\Culinary-Assistant-Main.csproj", "{50035EE8-BAE8-40D7-B98B-28454D05A5DE}"
EndProject
Project("{E53339B2-1760-4266-BCC7-CA923CBCF16C}") = "docker-compose", "docker-compose.dcproj", "{4B8BA4C3-3098-43E1-BB99-E50C1BAF4149}"
EndProject
Project("{9A19103F-16F7-4668-BE54-9A1E7A4F7556}") = "Culinary-Assistant-Main.Tests", "Culinary-Assistant-Main.Tests\Culinary-Assistant-Main.Tests.csproj", "{1134E6AF-CC4A-44D2-81BB-C8E16EB727D1}"
EndProject
Project("{9A19103F-16F7-4668-BE54-9A1E7A4F7556}") = "Culinary-Assistant-Main.Domain", "Culinary-Assistant-Main.Domain\Culinary-Assistant-Main.Domain.csproj", "{45A6B630-48F7-4CD5-8B5E-6DE25C490F6D}"
EndProject
Project("{9A19103F-16F7-4668-BE54-9A1E7A4F7556}") = "Culinary-Assistant-Main.Services", "Culinary-Assistant-Main.Services\Culinary-Assistant-Main.Services.csproj", "{16D328E7-8C74-4F09-825D-2886E1D697EE}"
EndProject
Project("{9A19103F-16F7-4668-BE54-9A1E7A4F7556}") = "Culinary-Assistant-Main.Infrastructure", "Culinary-Assistant-Main.Infrastructure\Culinary-Assistant-Main.Infrastructure.csproj", "{77E5AAB2-8079-4488-BD45-320C0D7A024E}"
EndProject
Project("{9A19103F-16F7-4668-BE54-9A1E7A4F7556}") = "Culinary-Assistant.Core", "Culinary-Assistant.Core\Culinary-Assistant.Core.csproj", "{E9788FC1-06BF-4ACC-99F1-9F9FB2EE6413}"
EndProject
Project("{9A19103F-16F7-4668-BE54-9A1E7A4F7556}") = "Culinary-Assistant-Images", "Culinary-Assistant-Images\Culinary-Assistant-Images.csproj", "{A9D23496-9143-466C-87E2-BB36C47F631B}"
EndProject
Project("{9A19103F-16F7-4668-BE54-9A1E7A4F7556}") = "Culinary-Assistant-Images.Services", "Culinary-Assistant-Images.Services\Culinary-Assistant-Images.Services.csproj", "{E3E129FA-F8EE-4171-9F13-2B6054AA6365}"
EndProject
Project("{FAE04EC0-301F-11D3-BF4B-00C04F79EFBC}") = "Culinary-Assistant-Notifications", "Culinary-Assistant-Notifications\Culinary-Assistant-Notifications.csproj", "{28B19C00-8220-46A9-926B-9F71409F9D7D}"
EndProject
Project("{FAE04EC0-301F-11D3-BF4B-00C04F79EFBC}") = "Culinary-Assistant-Notifications-Domain", "Culinary-Assistant-Notifications-Domain\Culinary-Assistant-Notifications-Domain.csproj", "{E0E0E0C8-8D65-4A1F-9CCD-23DBCCEBE129}"
EndProject
Project("{FAE04EC0-301F-11D3-BF4B-00C04F79EFBC}") = "Culinary-Assistant-Notifications-Infrastructure", "Culinary-Assistant-Notifications-Infrastructure\Culinary-Assistant-Notifications-Infrastructure.csproj", "{C78EACB6-E4DF-4ADB-AF36-4BB7C43F0CDF}"
EndProject
Project("{FAE04EC0-301F-11D3-BF4B-00C04F79EFBC}") = "Culinary-Assistant-Notifications-Services", "Culinary-Assistant-Notifications-Services\Culinary-Assistant-Notifications-Services.csproj", "{15A5094D-02D2-4B7C-A0BB-7936EF20FE63}"
EndProject
Project("{FAE04EC0-301F-11D3-BF4B-00C04F79EFBC}") = "Culinary-Assistant-Notifications.Tests", "Culinary-Assistant-Notifications.Tests\Culinary-Assistant-Notifications.Tests.csproj", "{DEAE6350-E467-4C89-8DE2-375146AF8ACF}"
EndProject
Global
	GlobalSection(SolutionConfigurationPlatforms) = preSolution
		Debug|Any CPU = Debug|Any CPU
		Release|Any CPU = Release|Any CPU
	EndGlobalSection
	GlobalSection(ProjectConfigurationPlatforms) = postSolution
		{50035EE8-BAE8-40D7-B98B-28454D05A5DE}.Debug|Any CPU.ActiveCfg = Debug|Any CPU
		{50035EE8-BAE8-40D7-B98B-28454D05A5DE}.Debug|Any CPU.Build.0 = Debug|Any CPU
		{50035EE8-BAE8-40D7-B98B-28454D05A5DE}.Release|Any CPU.ActiveCfg = Release|Any CPU
		{50035EE8-BAE8-40D7-B98B-28454D05A5DE}.Release|Any CPU.Build.0 = Release|Any CPU
		{4B8BA4C3-3098-43E1-BB99-E50C1BAF4149}.Debug|Any CPU.ActiveCfg = Debug|Any CPU
		{4B8BA4C3-3098-43E1-BB99-E50C1BAF4149}.Debug|Any CPU.Build.0 = Debug|Any CPU
		{4B8BA4C3-3098-43E1-BB99-E50C1BAF4149}.Release|Any CPU.ActiveCfg = Release|Any CPU
		{4B8BA4C3-3098-43E1-BB99-E50C1BAF4149}.Release|Any CPU.Build.0 = Release|Any CPU
		{1134E6AF-CC4A-44D2-81BB-C8E16EB727D1}.Debug|Any CPU.ActiveCfg = Debug|Any CPU
		{1134E6AF-CC4A-44D2-81BB-C8E16EB727D1}.Debug|Any CPU.Build.0 = Debug|Any CPU
		{1134E6AF-CC4A-44D2-81BB-C8E16EB727D1}.Release|Any CPU.ActiveCfg = Release|Any CPU
		{1134E6AF-CC4A-44D2-81BB-C8E16EB727D1}.Release|Any CPU.Build.0 = Release|Any CPU
		{45A6B630-48F7-4CD5-8B5E-6DE25C490F6D}.Debug|Any CPU.ActiveCfg = Debug|Any CPU
		{45A6B630-48F7-4CD5-8B5E-6DE25C490F6D}.Debug|Any CPU.Build.0 = Debug|Any CPU
		{45A6B630-48F7-4CD5-8B5E-6DE25C490F6D}.Release|Any CPU.ActiveCfg = Release|Any CPU
		{45A6B630-48F7-4CD5-8B5E-6DE25C490F6D}.Release|Any CPU.Build.0 = Release|Any CPU
		{16D328E7-8C74-4F09-825D-2886E1D697EE}.Debug|Any CPU.ActiveCfg = Debug|Any CPU
		{16D328E7-8C74-4F09-825D-2886E1D697EE}.Debug|Any CPU.Build.0 = Debug|Any CPU
		{16D328E7-8C74-4F09-825D-2886E1D697EE}.Release|Any CPU.ActiveCfg = Release|Any CPU
		{16D328E7-8C74-4F09-825D-2886E1D697EE}.Release|Any CPU.Build.0 = Release|Any CPU
		{77E5AAB2-8079-4488-BD45-320C0D7A024E}.Debug|Any CPU.ActiveCfg = Debug|Any CPU
		{77E5AAB2-8079-4488-BD45-320C0D7A024E}.Debug|Any CPU.Build.0 = Debug|Any CPU
		{77E5AAB2-8079-4488-BD45-320C0D7A024E}.Release|Any CPU.ActiveCfg = Release|Any CPU
		{77E5AAB2-8079-4488-BD45-320C0D7A024E}.Release|Any CPU.Build.0 = Release|Any CPU
		{E9788FC1-06BF-4ACC-99F1-9F9FB2EE6413}.Debug|Any CPU.ActiveCfg = Debug|Any CPU
		{E9788FC1-06BF-4ACC-99F1-9F9FB2EE6413}.Debug|Any CPU.Build.0 = Debug|Any CPU
		{E9788FC1-06BF-4ACC-99F1-9F9FB2EE6413}.Release|Any CPU.ActiveCfg = Release|Any CPU
		{E9788FC1-06BF-4ACC-99F1-9F9FB2EE6413}.Release|Any CPU.Build.0 = Release|Any CPU
		{A9D23496-9143-466C-87E2-BB36C47F631B}.Debug|Any CPU.ActiveCfg = Debug|Any CPU
		{A9D23496-9143-466C-87E2-BB36C47F631B}.Debug|Any CPU.Build.0 = Debug|Any CPU
		{A9D23496-9143-466C-87E2-BB36C47F631B}.Release|Any CPU.ActiveCfg = Release|Any CPU
		{A9D23496-9143-466C-87E2-BB36C47F631B}.Release|Any CPU.Build.0 = Release|Any CPU
		{E3E129FA-F8EE-4171-9F13-2B6054AA6365}.Debug|Any CPU.ActiveCfg = Debug|Any CPU
		{E3E129FA-F8EE-4171-9F13-2B6054AA6365}.Debug|Any CPU.Build.0 = Debug|Any CPU
		{E3E129FA-F8EE-4171-9F13-2B6054AA6365}.Release|Any CPU.ActiveCfg = Release|Any CPU
		{E3E129FA-F8EE-4171-9F13-2B6054AA6365}.Release|Any CPU.Build.0 = Release|Any CPU
		{28B19C00-8220-46A9-926B-9F71409F9D7D}.Debug|Any CPU.ActiveCfg = Debug|Any CPU
		{28B19C00-8220-46A9-926B-9F71409F9D7D}.Debug|Any CPU.Build.0 = Debug|Any CPU
		{28B19C00-8220-46A9-926B-9F71409F9D7D}.Release|Any CPU.ActiveCfg = Release|Any CPU
		{28B19C00-8220-46A9-926B-9F71409F9D7D}.Release|Any CPU.Build.0 = Release|Any CPU
		{E0E0E0C8-8D65-4A1F-9CCD-23DBCCEBE129}.Debug|Any CPU.ActiveCfg = Debug|Any CPU
		{E0E0E0C8-8D65-4A1F-9CCD-23DBCCEBE129}.Debug|Any CPU.Build.0 = Debug|Any CPU
		{E0E0E0C8-8D65-4A1F-9CCD-23DBCCEBE129}.Release|Any CPU.ActiveCfg = Release|Any CPU
		{E0E0E0C8-8D65-4A1F-9CCD-23DBCCEBE129}.Release|Any CPU.Build.0 = Release|Any CPU
		{C78EACB6-E4DF-4ADB-AF36-4BB7C43F0CDF}.Debug|Any CPU.ActiveCfg = Debug|Any CPU
		{C78EACB6-E4DF-4ADB-AF36-4BB7C43F0CDF}.Debug|Any CPU.Build.0 = Debug|Any CPU
		{C78EACB6-E4DF-4ADB-AF36-4BB7C43F0CDF}.Release|Any CPU.ActiveCfg = Release|Any CPU
		{C78EACB6-E4DF-4ADB-AF36-4BB7C43F0CDF}.Release|Any CPU.Build.0 = Release|Any CPU
		{15A5094D-02D2-4B7C-A0BB-7936EF20FE63}.Debug|Any CPU.ActiveCfg = Debug|Any CPU
		{15A5094D-02D2-4B7C-A0BB-7936EF20FE63}.Debug|Any CPU.Build.0 = Debug|Any CPU
		{15A5094D-02D2-4B7C-A0BB-7936EF20FE63}.Release|Any CPU.ActiveCfg = Release|Any CPU
		{15A5094D-02D2-4B7C-A0BB-7936EF20FE63}.Release|Any CPU.Build.0 = Release|Any CPU
		{DEAE6350-E467-4C89-8DE2-375146AF8ACF}.Debug|Any CPU.ActiveCfg = Debug|Any CPU
		{DEAE6350-E467-4C89-8DE2-375146AF8ACF}.Debug|Any CPU.Build.0 = Debug|Any CPU
		{DEAE6350-E467-4C89-8DE2-375146AF8ACF}.Release|Any CPU.ActiveCfg = Release|Any CPU
		{DEAE6350-E467-4C89-8DE2-375146AF8ACF}.Release|Any CPU.Build.0 = Release|Any CPU
	EndGlobalSection
	GlobalSection(SolutionProperties) = preSolution
		HideSolutionNode = FALSE
	EndGlobalSection
	GlobalSection(ExtensibilityGlobals) = postSolution
		SolutionGuid = {452FCF5B-58D7-4E7C-87A3-8143FFF271DF}
	EndGlobalSection
EndGlobal
